
Microsoft Visual Studio Solution File, Format Version 12.00
# Visual Studio Version 17
VisualStudioVersion = 17.6.33723.286
MinimumVisualStudioVersion = 10.0.40219.1
Project("{9A19103F-16F7-4668-BE54-9A1E7A4F7556}") = "Manage_tasks", "Manage_tasks.csproj", "{E0B24D8D-5D45-4DF0-AFC0-0605A1C450F5}"
EndProject
Project("{9A19103F-16F7-4668-BE54-9A1E7A4F7556}") = "Manage_tasks_Biznes_Logic", "..\Manage_tasks_Biznes_Logic\Manage_tasks_Biznes_Logic.csproj", "{00D7A8C7-E604-46B9-A128-69889E817F19}"
EndProject
Project("{FAE04EC0-301F-11D3-BF4B-00C04F79EFBC}") = "WebTaskMaster", "..\WebTaskMaster\WebTaskMaster.csproj", "{C460BE93-F41A-4700-BE93-FCC7BBDEF5EF}"
EndProject
Global
	GlobalSection(SolutionConfigurationPlatforms) = preSolution
		Debug|Any CPU = Debug|Any CPU
		Release|Any CPU = Release|Any CPU
	EndGlobalSection
	GlobalSection(ProjectConfigurationPlatforms) = postSolution
		{E0B24D8D-5D45-4DF0-AFC0-0605A1C450F5}.Debug|Any CPU.ActiveCfg = Debug|Any CPU
		{E0B24D8D-5D45-4DF0-AFC0-0605A1C450F5}.Debug|Any CPU.Build.0 = Debug|Any CPU
		{E0B24D8D-5D45-4DF0-AFC0-0605A1C450F5}.Release|Any CPU.ActiveCfg = Release|Any CPU
		{E0B24D8D-5D45-4DF0-AFC0-0605A1C450F5}.Release|Any CPU.Build.0 = Release|Any CPU
		{00D7A8C7-E604-46B9-A128-69889E817F19}.Debug|Any CPU.ActiveCfg = Debug|Any CPU
		{00D7A8C7-E604-46B9-A128-69889E817F19}.Debug|Any CPU.Build.0 = Debug|Any CPU
		{00D7A8C7-E604-46B9-A128-69889E817F19}.Release|Any CPU.ActiveCfg = Release|Any CPU
		{00D7A8C7-E604-46B9-A128-69889E817F19}.Release|Any CPU.Build.0 = Release|Any CPU
		{C460BE93-F41A-4700-BE93-FCC7BBDEF5EF}.Debug|Any CPU.ActiveCfg = Debug|Any CPU
		{C460BE93-F41A-4700-BE93-FCC7BBDEF5EF}.Debug|Any CPU.Build.0 = Debug|Any CPU
		{C460BE93-F41A-4700-BE93-FCC7BBDEF5EF}.Release|Any CPU.ActiveCfg = Release|Any CPU
		{C460BE93-F41A-4700-BE93-FCC7BBDEF5EF}.Release|Any CPU.Build.0 = Release|Any CPU
	EndGlobalSection
	GlobalSection(SolutionProperties) = preSolution
		HideSolutionNode = FALSE
	EndGlobalSection
	GlobalSection(ExtensibilityGlobals) = postSolution
		SolutionGuid = {532D3717-3F8C-4E85-95DA-FA08709F59D6}
	EndGlobalSection
EndGlobal
